// !$*UTF8*$!
{
	archiveVersion = 1;
	classes = {
	};
	objectVersion = 50;
	objects = {

/* Begin PBXBuildFile section */
		162B82D22442DF4300C45229 /* AppError.swift in Sources */ = {isa = PBXBuildFile; fileRef = 162B82D12442DF4300C45229 /* AppError.swift */; };
		162B82D52442E42000C45229 /* UsersDataSrouce.swift in Sources */ = {isa = PBXBuildFile; fileRef = 162B82D42442E42000C45229 /* UsersDataSrouce.swift */; };
		167927B62442D50D00818F67 /* AppDelegate.swift in Sources */ = {isa = PBXBuildFile; fileRef = 167927B52442D50D00818F67 /* AppDelegate.swift */; };
		167927B82442D50D00818F67 /* SceneDelegate.swift in Sources */ = {isa = PBXBuildFile; fileRef = 167927B72442D50D00818F67 /* SceneDelegate.swift */; };
		167927BA2442D50D00818F67 /* UserViewController.swift in Sources */ = {isa = PBXBuildFile; fileRef = 167927B92442D50D00818F67 /* UserViewController.swift */; };
		167927BD2442D50D00818F67 /* User.storyboard in Resources */ = {isa = PBXBuildFile; fileRef = 167927BB2442D50D00818F67 /* User.storyboard */; };
		167927BF2442D50D00818F67 /* Assets.xcassets in Resources */ = {isa = PBXBuildFile; fileRef = 167927BE2442D50D00818F67 /* Assets.xcassets */; };
		167927C22442D50D00818F67 /* LaunchScreen.storyboard in Resources */ = {isa = PBXBuildFile; fileRef = 167927C02442D50D00818F67 /* LaunchScreen.storyboard */; };
		167927CD2442D50D00818F67 /* GitHub_UsersTests.swift in Sources */ = {isa = PBXBuildFile; fileRef = 167927CC2442D50D00818F67 /* GitHub_UsersTests.swift */; };
		1688AC172442E6B300A6B692 /* UsersViewModel.swift in Sources */ = {isa = PBXBuildFile; fileRef = 1688AC162442E6B300A6B692 /* UsersViewModel.swift */; };
		1688AC1B2442EA4400A6B692 /* SimpleWebViewViewController.swift in Sources */ = {isa = PBXBuildFile; fileRef = 1688AC1A2442EA4400A6B692 /* SimpleWebViewViewController.swift */; };
		1690B5B32442D8D9003DF17A /* UserCell.swift in Sources */ = {isa = PBXBuildFile; fileRef = 1690B5B22442D8D9003DF17A /* UserCell.swift */; };
		1690B5B52442DB48003DF17A /* User.swift in Sources */ = {isa = PBXBuildFile; fileRef = 1690B5B42442DB48003DF17A /* User.swift */; };
		1697B9752442F3E200A09CAB /* Kingfisher.framework in Frameworks */ = {isa = PBXBuildFile; fileRef = 1697B9742442F3E200A09CAB /* Kingfisher.framework */; };
/* End PBXBuildFile section */

/* Begin PBXContainerItemProxy section */
		167927C92442D50D00818F67 /* PBXContainerItemProxy */ = {
			isa = PBXContainerItemProxy;
			containerPortal = 167927AA2442D50D00818F67 /* Project object */;
			proxyType = 1;
			remoteGlobalIDString = 167927B12442D50D00818F67;
			remoteInfo = "GitHub Users";
		};
/* End PBXContainerItemProxy section */

/* Begin PBXFileReference section */
		162B82D12442DF4300C45229 /* AppError.swift */ = {isa = PBXFileReference; lastKnownFileType = sourcecode.swift; path = AppError.swift; sourceTree = "<group>"; };
		162B82D42442E42000C45229 /* UsersDataSrouce.swift */ = {isa = PBXFileReference; lastKnownFileType = sourcecode.swift; path = UsersDataSrouce.swift; sourceTree = "<group>"; };
		167927B22442D50D00818F67 /* GitHub.app */ = {isa = PBXFileReference; explicitFileType = wrapper.application; includeInIndex = 0; path = GitHub.app; sourceTree = BUILT_PRODUCTS_DIR; };
		167927B52442D50D00818F67 /* AppDelegate.swift */ = {isa = PBXFileReference; lastKnownFileType = sourcecode.swift; path = AppDelegate.swift; sourceTree = "<group>"; };
		167927B72442D50D00818F67 /* SceneDelegate.swift */ = {isa = PBXFileReference; lastKnownFileType = sourcecode.swift; path = SceneDelegate.swift; sourceTree = "<group>"; };
		167927B92442D50D00818F67 /* UserViewController.swift */ = {isa = PBXFileReference; lastKnownFileType = sourcecode.swift; path = UserViewController.swift; sourceTree = "<group>"; };
		167927BC2442D50D00818F67 /* Base */ = {isa = PBXFileReference; lastKnownFileType = file.storyboard; name = Base; path = Base.lproj/User.storyboard; sourceTree = "<group>"; };
		167927BE2442D50D00818F67 /* Assets.xcassets */ = {isa = PBXFileReference; lastKnownFileType = folder.assetcatalog; path = Assets.xcassets; sourceTree = "<group>"; };
		167927C12442D50D00818F67 /* Base */ = {isa = PBXFileReference; lastKnownFileType = file.storyboard; name = Base; path = Base.lproj/LaunchScreen.storyboard; sourceTree = "<group>"; };
		167927C32442D50D00818F67 /* Info.plist */ = {isa = PBXFileReference; lastKnownFileType = text.plist.xml; path = Info.plist; sourceTree = "<group>"; };
		167927C82442D50D00818F67 /* GitHubTests.xctest */ = {isa = PBXFileReference; explicitFileType = wrapper.cfbundle; includeInIndex = 0; path = GitHubTests.xctest; sourceTree = BUILT_PRODUCTS_DIR; };
		167927CC2442D50D00818F67 /* GitHub_UsersTests.swift */ = {isa = PBXFileReference; lastKnownFileType = sourcecode.swift; path = GitHub_UsersTests.swift; sourceTree = "<group>"; };
		167927CE2442D50D00818F67 /* Info.plist */ = {isa = PBXFileReference; lastKnownFileType = text.plist.xml; path = Info.plist; sourceTree = "<group>"; };
		1688AC162442E6B300A6B692 /* UsersViewModel.swift */ = {isa = PBXFileReference; lastKnownFileType = sourcecode.swift; path = UsersViewModel.swift; sourceTree = "<group>"; };
		1688AC1A2442EA4400A6B692 /* SimpleWebViewViewController.swift */ = {isa = PBXFileReference; lastKnownFileType = sourcecode.swift; path = SimpleWebViewViewController.swift; sourceTree = "<group>"; };
		1690B5B22442D8D9003DF17A /* UserCell.swift */ = {isa = PBXFileReference; lastKnownFileType = sourcecode.swift; path = UserCell.swift; sourceTree = "<group>"; };
		1690B5B42442DB48003DF17A /* User.swift */ = {isa = PBXFileReference; lastKnownFileType = sourcecode.swift; path = User.swift; sourceTree = "<group>"; };
		1697B9742442F3E200A09CAB /* Kingfisher.framework */ = {isa = PBXFileReference; lastKnownFileType = wrapper.framework; name = Kingfisher.framework; path = Carthage/Build/iOS/Kingfisher.framework; sourceTree = "<group>"; };
/* End PBXFileReference section */

/* Begin PBXFrameworksBuildPhase section */
		167927AF2442D50D00818F67 /* Frameworks */ = {
			isa = PBXFrameworksBuildPhase;
			buildActionMask = 2147483647;
			files = (
				1697B9752442F3E200A09CAB /* Kingfisher.framework in Frameworks */,
			);
			runOnlyForDeploymentPostprocessing = 0;
		};
		167927C52442D50D00818F67 /* Frameworks */ = {
			isa = PBXFrameworksBuildPhase;
			buildActionMask = 2147483647;
			files = (
			);
			runOnlyForDeploymentPostprocessing = 0;
		};
/* End PBXFrameworksBuildPhase section */

/* Begin PBXGroup section */
		162B82D32442E17800C45229 /* User */ = {
			isa = PBXGroup;
			children = (
				1690B5B42442DB48003DF17A /* User.swift */,
				1690B5B22442D8D9003DF17A /* UserCell.swift */,
				162B82D42442E42000C45229 /* UsersDataSrouce.swift */,
				1688AC162442E6B300A6B692 /* UsersViewModel.swift */,
				167927B92442D50D00818F67 /* UserViewController.swift */,
				167927BB2442D50D00818F67 /* User.storyboard */,
			);
			path = User;
			sourceTree = "<group>";
		};
		167927A92442D50D00818F67 = {
			isa = PBXGroup;
			children = (
				167927B42442D50D00818F67 /* GitHub */,
				167927CB2442D50D00818F67 /* GitHubTests */,
				167927B32442D50D00818F67 /* Products */,
				1697B9732442F3E100A09CAB /* Frameworks */,
			);
			sourceTree = "<group>";
		};
		167927B32442D50D00818F67 /* Products */ = {
			isa = PBXGroup;
			children = (
				167927B22442D50D00818F67 /* GitHub.app */,
				167927C82442D50D00818F67 /* GitHubTests.xctest */,
			);
			name = Products;
			sourceTree = "<group>";
		};
		167927B42442D50D00818F67 /* GitHub */ = {
			isa = PBXGroup;
			children = (
				167927C32442D50D00818F67 /* Info.plist */,
				167927B52442D50D00818F67 /* AppDelegate.swift */,
				167927B72442D50D00818F67 /* SceneDelegate.swift */,
				167927BE2442D50D00818F67 /* Assets.xcassets */,
				167927C02442D50D00818F67 /* LaunchScreen.storyboard */,
				1697B97924433F0D00A09CAB /* Library */,
				162B82D32442E17800C45229 /* User */,
			);
			path = GitHub;
			sourceTree = "<group>";
		};
		167927CB2442D50D00818F67 /* GitHubTests */ = {
			isa = PBXGroup;
			children = (
				167927CC2442D50D00818F67 /* GitHub_UsersTests.swift */,
				167927CE2442D50D00818F67 /* Info.plist */,
			);
			path = GitHubTests;
			sourceTree = "<group>";
		};
		1697B9732442F3E100A09CAB /* Frameworks */ = {
			isa = PBXGroup;
			children = (
				1697B9742442F3E200A09CAB /* Kingfisher.framework */,
			);
			name = Frameworks;
			sourceTree = "<group>";
		};
		1697B97924433F0D00A09CAB /* Library */ = {
			isa = PBXGroup;
			children = (
				162B82D12442DF4300C45229 /* AppError.swift */,
				1688AC1A2442EA4400A6B692 /* SimpleWebViewViewController.swift */,
			);
			path = Library;
			sourceTree = "<group>";
		};
/* End PBXGroup section */

/* Begin PBXNativeTarget section */
		167927B12442D50D00818F67 /* GitHub */ = {
			isa = PBXNativeTarget;
			buildConfigurationList = 167927D12442D50D00818F67 /* Build configuration list for PBXNativeTarget "GitHub" */;
			buildPhases = (
				1688AC1D2442F1EA00A6B692 /* Swiftlint */,
				1697B9782442F44F00A09CAB /* Carthage */,
				167927AE2442D50D00818F67 /* Sources */,
				167927AF2442D50D00818F67 /* Frameworks */,
				167927B02442D50D00818F67 /* Resources */,
			);
			buildRules = (
			);
			dependencies = (
			);
			name = GitHub;
			productName = "GitHub Users";
			productReference = 167927B22442D50D00818F67 /* GitHub.app */;
			productType = "com.apple.product-type.application";
		};
		167927C72442D50D00818F67 /* GitHubTests */ = {
			isa = PBXNativeTarget;
			buildConfigurationList = 167927D42442D50D00818F67 /* Build configuration list for PBXNativeTarget "GitHubTests" */;
			buildPhases = (
				1688AC1C2442EDD700A6B692 /* Swiftlint */,
				167927C42442D50D00818F67 /* Sources */,
				167927C52442D50D00818F67 /* Frameworks */,
				167927C62442D50D00818F67 /* Resources */,
			);
			buildRules = (
			);
			dependencies = (
				167927CA2442D50D00818F67 /* PBXTargetDependency */,
			);
			name = GitHubTests;
			productName = "GitHub UsersTests";
			productReference = 167927C82442D50D00818F67 /* GitHubTests.xctest */;
			productType = "com.apple.product-type.bundle.unit-test";
		};
/* End PBXNativeTarget section */

/* Begin PBXProject section */
		167927AA2442D50D00818F67 /* Project object */ = {
			isa = PBXProject;
			attributes = {
				LastSwiftUpdateCheck = 1140;
				LastUpgradeCheck = 1140;
				ORGANIZATIONNAME = "Wasith Theerapattrathamrong";
				TargetAttributes = {
					167927B12442D50D00818F67 = {
						CreatedOnToolsVersion = 11.4;
					};
					167927C72442D50D00818F67 = {
						CreatedOnToolsVersion = 11.4;
						TestTargetID = 167927B12442D50D00818F67;
					};
				};
			};
			buildConfigurationList = 167927AD2442D50D00818F67 /* Build configuration list for PBXProject "GitHub" */;
			compatibilityVersion = "Xcode 9.3";
			developmentRegion = en;
			hasScannedForEncodings = 0;
			knownRegions = (
				en,
				Base,
			);
			mainGroup = 167927A92442D50D00818F67;
			productRefGroup = 167927B32442D50D00818F67 /* Products */;
			projectDirPath = "";
			projectRoot = "";
			targets = (
				167927B12442D50D00818F67 /* GitHub */,
				167927C72442D50D00818F67 /* GitHubTests */,
			);
		};
/* End PBXProject section */

/* Begin PBXResourcesBuildPhase section */
		167927B02442D50D00818F67 /* Resources */ = {
			isa = PBXResourcesBuildPhase;
			buildActionMask = 2147483647;
			files = (
				167927C22442D50D00818F67 /* LaunchScreen.storyboard in Resources */,
				167927BF2442D50D00818F67 /* Assets.xcassets in Resources */,
				167927BD2442D50D00818F67 /* User.storyboard in Resources */,
			);
			runOnlyForDeploymentPostprocessing = 0;
		};
		167927C62442D50D00818F67 /* Resources */ = {
			isa = PBXResourcesBuildPhase;
			buildActionMask = 2147483647;
			files = (
			);
			runOnlyForDeploymentPostprocessing = 0;
		};
/* End PBXResourcesBuildPhase section */

/* Begin PBXShellScriptBuildPhase section */
		1688AC1C2442EDD700A6B692 /* Swiftlint */ = {
			isa = PBXShellScriptBuildPhase;
			buildActionMask = 2147483647;
			files = (
			);
			inputFileListPaths = (
			);
			inputPaths = (
			);
			name = Swiftlint;
			outputFileListPaths = (
			);
			outputPaths = (
			);
			runOnlyForDeploymentPostprocessing = 0;
			shellPath = /bin/sh;
			shellScript = "if which swiftlint >/dev/null; then\n  swiftlint autocorrect --format\n  swiftlint\nelse\n  echo \"warning: SwiftLint not installed, download from https://github.com/realm/SwiftLint\"\nfi\n";
		};
		1688AC1D2442F1EA00A6B692 /* Swiftlint */ = {
			isa = PBXShellScriptBuildPhase;
			buildActionMask = 2147483647;
			files = (
			);
			inputFileListPaths = (
			);
			inputPaths = (
			);
			name = Swiftlint;
			outputFileListPaths = (
			);
			outputPaths = (
			);
			runOnlyForDeploymentPostprocessing = 0;
			shellPath = /bin/sh;
			shellScript = "if which swiftlint >/dev/null; then\n  swiftlint autocorrect --format\n  swiftlint\nelse\n  echo \"warning: SwiftLint not installed, download from https://github.com/realm/SwiftLint\"\nfi\n";
		};
		1697B9782442F44F00A09CAB /* Carthage */ = {
			isa = PBXShellScriptBuildPhase;
			buildActionMask = 2147483647;
			files = (
			);
			inputFileListPaths = (
			);
			inputPaths = (
				"$(SRCROOT)/Carthage/Build/iOS/Kingfisher.framework",
			);
			name = Carthage;
			outputFileListPaths = (
			);
			outputPaths = (
				"$(BUILT_PRODUCTS_DIR)/$(FRAMEWORKS_FOLDER_PATH)/Kingfisher.framework",
			);
			runOnlyForDeploymentPostprocessing = 0;
			shellPath = /bin/sh;
			shellScript = "/usr/local/bin/carthage copy-frameworks\n";
		};
/* End PBXShellScriptBuildPhase section */

/* Begin PBXSourcesBuildPhase section */
		167927AE2442D50D00818F67 /* Sources */ = {
			isa = PBXSourcesBuildPhase;
			buildActionMask = 2147483647;
			files = (
				167927BA2442D50D00818F67 /* UserViewController.swift in Sources */,
				1688AC172442E6B300A6B692 /* UsersViewModel.swift in Sources */,
				1690B5B32442D8D9003DF17A /* UserCell.swift in Sources */,
				162B82D22442DF4300C45229 /* AppError.swift in Sources */,
				1688AC1B2442EA4400A6B692 /* SimpleWebViewViewController.swift in Sources */,
				162B82D52442E42000C45229 /* UsersDataSrouce.swift in Sources */,
				167927B62442D50D00818F67 /* AppDelegate.swift in Sources */,
				1690B5B52442DB48003DF17A /* User.swift in Sources */,
				167927B82442D50D00818F67 /* SceneDelegate.swift in Sources */,
			);
			runOnlyForDeploymentPostprocessing = 0;
		};
		167927C42442D50D00818F67 /* Sources */ = {
			isa = PBXSourcesBuildPhase;
			buildActionMask = 2147483647;
			files = (
				167927CD2442D50D00818F67 /* GitHub_UsersTests.swift in Sources */,
			);
			runOnlyForDeploymentPostprocessing = 0;
		};
/* End PBXSourcesBuildPhase section */

/* Begin PBXTargetDependency section */
		167927CA2442D50D00818F67 /* PBXTargetDependency */ = {
			isa = PBXTargetDependency;
			target = 167927B12442D50D00818F67 /* GitHub */;
			targetProxy = 167927C92442D50D00818F67 /* PBXContainerItemProxy */;
		};
/* End PBXTargetDependency section */

/* Begin PBXVariantGroup section */
		167927BB2442D50D00818F67 /* User.storyboard */ = {
			isa = PBXVariantGroup;
			children = (
				167927BC2442D50D00818F67 /* Base */,
			);
			name = User.storyboard;
			sourceTree = "<group>";
		};
		167927C02442D50D00818F67 /* LaunchScreen.storyboard */ = {
			isa = PBXVariantGroup;
			children = (
				167927C12442D50D00818F67 /* Base */,
			);
			name = LaunchScreen.storyboard;
			sourceTree = "<group>";
		};
/* End PBXVariantGroup section */

/* Begin XCBuildConfiguration section */
		167927CF2442D50D00818F67 /* Debug */ = {
			isa = XCBuildConfiguration;
			buildSettings = {
				ALWAYS_SEARCH_USER_PATHS = NO;
				CLANG_ANALYZER_NONNULL = YES;
				CLANG_ANALYZER_NUMBER_OBJECT_CONVERSION = YES_AGGRESSIVE;
				CLANG_CXX_LANGUAGE_STANDARD = "gnu++14";
				CLANG_CXX_LIBRARY = "libc++";
				CLANG_ENABLE_MODULES = YES;
				CLANG_ENABLE_OBJC_ARC = YES;
				CLANG_ENABLE_OBJC_WEAK = YES;
				CLANG_WARN_BLOCK_CAPTURE_AUTORELEASING = YES;
				CLANG_WARN_BOOL_CONVERSION = YES;
				CLANG_WARN_COMMA = YES;
				CLANG_WARN_CONSTANT_CONVERSION = YES;
				CLANG_WARN_DEPRECATED_OBJC_IMPLEMENTATIONS = YES;
				CLANG_WARN_DIRECT_OBJC_ISA_USAGE = YES_ERROR;
				CLANG_WARN_DOCUMENTATION_COMMENTS = YES;
				CLANG_WARN_EMPTY_BODY = YES;
				CLANG_WARN_ENUM_CONVERSION = YES;
				CLANG_WARN_INFINITE_RECURSION = YES;
				CLANG_WARN_INT_CONVERSION = YES;
				CLANG_WARN_NON_LITERAL_NULL_CONVERSION = YES;
				CLANG_WARN_OBJC_IMPLICIT_RETAIN_SELF = YES;
				CLANG_WARN_OBJC_LITERAL_CONVERSION = YES;
				CLANG_WARN_OBJC_ROOT_CLASS = YES_ERROR;
				CLANG_WARN_RANGE_LOOP_ANALYSIS = YES;
				CLANG_WARN_STRICT_PROTOTYPES = YES;
				CLANG_WARN_SUSPICIOUS_MOVE = YES;
				CLANG_WARN_UNGUARDED_AVAILABILITY = YES_AGGRESSIVE;
				CLANG_WARN_UNREACHABLE_CODE = YES;
				CLANG_WARN__DUPLICATE_METHOD_MATCH = YES;
				COPY_PHASE_STRIP = NO;
				DEBUG_INFORMATION_FORMAT = dwarf;
				ENABLE_STRICT_OBJC_MSGSEND = YES;
				ENABLE_TESTABILITY = YES;
				GCC_C_LANGUAGE_STANDARD = gnu11;
				GCC_DYNAMIC_NO_PIC = NO;
				GCC_NO_COMMON_BLOCKS = YES;
				GCC_OPTIMIZATION_LEVEL = 0;
				GCC_PREPROCESSOR_DEFINITIONS = (
					"DEBUG=1",
					"$(inherited)",
				);
				GCC_WARN_64_TO_32_BIT_CONVERSION = YES;
				GCC_WARN_ABOUT_RETURN_TYPE = YES_ERROR;
				GCC_WARN_UNDECLARED_SELECTOR = YES;
				GCC_WARN_UNINITIALIZED_AUTOS = YES_AGGRESSIVE;
				GCC_WARN_UNUSED_FUNCTION = YES;
				GCC_WARN_UNUSED_VARIABLE = YES;
				IPHONEOS_DEPLOYMENT_TARGET = 11.0;
				MTL_ENABLE_DEBUG_INFO = INCLUDE_SOURCE;
				MTL_FAST_MATH = YES;
				ONLY_ACTIVE_ARCH = YES;
				SDKROOT = iphoneos;
				SWIFT_ACTIVE_COMPILATION_CONDITIONS = DEBUG;
				SWIFT_OPTIMIZATION_LEVEL = "-Onone";
			};
			name = Debug;
		};
		167927D02442D50D00818F67 /* Release */ = {
			isa = XCBuildConfiguration;
			buildSettings = {
				ALWAYS_SEARCH_USER_PATHS = NO;
				CLANG_ANALYZER_NONNULL = YES;
				CLANG_ANALYZER_NUMBER_OBJECT_CONVERSION = YES_AGGRESSIVE;
				CLANG_CXX_LANGUAGE_STANDARD = "gnu++14";
				CLANG_CXX_LIBRARY = "libc++";
				CLANG_ENABLE_MODULES = YES;
				CLANG_ENABLE_OBJC_ARC = YES;
				CLANG_ENABLE_OBJC_WEAK = YES;
				CLANG_WARN_BLOCK_CAPTURE_AUTORELEASING = YES;
				CLANG_WARN_BOOL_CONVERSION = YES;
				CLANG_WARN_COMMA = YES;
				CLANG_WARN_CONSTANT_CONVERSION = YES;
				CLANG_WARN_DEPRECATED_OBJC_IMPLEMENTATIONS = YES;
				CLANG_WARN_DIRECT_OBJC_ISA_USAGE = YES_ERROR;
				CLANG_WARN_DOCUMENTATION_COMMENTS = YES;
				CLANG_WARN_EMPTY_BODY = YES;
				CLANG_WARN_ENUM_CONVERSION = YES;
				CLANG_WARN_INFINITE_RECURSION = YES;
				CLANG_WARN_INT_CONVERSION = YES;
				CLANG_WARN_NON_LITERAL_NULL_CONVERSION = YES;
				CLANG_WARN_OBJC_IMPLICIT_RETAIN_SELF = YES;
				CLANG_WARN_OBJC_LITERAL_CONVERSION = YES;
				CLANG_WARN_OBJC_ROOT_CLASS = YES_ERROR;
				CLANG_WARN_RANGE_LOOP_ANALYSIS = YES;
				CLANG_WARN_STRICT_PROTOTYPES = YES;
				CLANG_WARN_SUSPICIOUS_MOVE = YES;
				CLANG_WARN_UNGUARDED_AVAILABILITY = YES_AGGRESSIVE;
				CLANG_WARN_UNREACHABLE_CODE = YES;
				CLANG_WARN__DUPLICATE_METHOD_MATCH = YES;
				COPY_PHASE_STRIP = NO;
				DEBUG_INFORMATION_FORMAT = "dwarf-with-dsym";
				ENABLE_NS_ASSERTIONS = NO;
				ENABLE_STRICT_OBJC_MSGSEND = YES;
				GCC_C_LANGUAGE_STANDARD = gnu11;
				GCC_NO_COMMON_BLOCKS = YES;
				GCC_WARN_64_TO_32_BIT_CONVERSION = YES;
				GCC_WARN_ABOUT_RETURN_TYPE = YES_ERROR;
				GCC_WARN_UNDECLARED_SELECTOR = YES;
				GCC_WARN_UNINITIALIZED_AUTOS = YES_AGGRESSIVE;
				GCC_WARN_UNUSED_FUNCTION = YES;
				GCC_WARN_UNUSED_VARIABLE = YES;
				IPHONEOS_DEPLOYMENT_TARGET = 11.0;
				MTL_ENABLE_DEBUG_INFO = NO;
				MTL_FAST_MATH = YES;
				SDKROOT = iphoneos;
				SWIFT_COMPILATION_MODE = wholemodule;
				SWIFT_OPTIMIZATION_LEVEL = "-O";
				VALIDATE_PRODUCT = YES;
			};
			name = Release;
		};
		167927D22442D50D00818F67 /* Debug */ = {
			isa = XCBuildConfiguration;
			buildSettings = {
				ASSETCATALOG_COMPILER_APPICON_NAME = AppIcon;
				CODE_SIGN_STYLE = Automatic;
				FRAMEWORK_SEARCH_PATHS = (
					"$(inherited)",
					"$(PROJECT_DIR)/Carthage/Build/iOS",
				);
				INFOPLIST_FILE = GitHub/Info.plist;
				LD_RUNPATH_SEARCH_PATHS = (
					"$(inherited)",
					"@executable_path/Frameworks",
				);
				PRODUCT_BUNDLE_IDENTIFIER = "com.github.ph9.GitHub-Users";
				PRODUCT_NAME = "$(TARGET_NAME)";
				SWIFT_VERSION = 5.0;
				TARGETED_DEVICE_FAMILY = "1,2";
			};
			name = Debug;
		};
		167927D32442D50D00818F67 /* Release */ = {
			isa = XCBuildConfiguration;
			buildSettings = {
				ASSETCATALOG_COMPILER_APPICON_NAME = AppIcon;
				CODE_SIGN_STYLE = Automatic;
				FRAMEWORK_SEARCH_PATHS = (
					"$(inherited)",
					"$(PROJECT_DIR)/Carthage/Build/iOS",
				);
				INFOPLIST_FILE = GitHub/Info.plist;
				LD_RUNPATH_SEARCH_PATHS = (
					"$(inherited)",
					"@executable_path/Frameworks",
				);
				PRODUCT_BUNDLE_IDENTIFIER = "com.github.ph9.GitHub-Users";
				PRODUCT_NAME = "$(TARGET_NAME)";
				SWIFT_VERSION = 5.0;
				TARGETED_DEVICE_FAMILY = "1,2";
			};
			name = Release;
		};
		167927D52442D50D00818F67 /* Debug */ = {
			isa = XCBuildConfiguration;
			buildSettings = {
				ALWAYS_EMBED_SWIFT_STANDARD_LIBRARIES = YES;
				BUNDLE_LOADER = "$(TEST_HOST)";
				CODE_SIGN_STYLE = Automatic;
				INFOPLIST_FILE = GitHubTests/Info.plist;
				IPHONEOS_DEPLOYMENT_TARGET = 13.4;
				LD_RUNPATH_SEARCH_PATHS = (
					"$(inherited)",
					"@executable_path/Frameworks",
					"@loader_path/Frameworks",
				);
				PRODUCT_BUNDLE_IDENTIFIER = "com.github.ph9.GitHub-UsersTests";
				PRODUCT_NAME = "$(TARGET_NAME)";
				SWIFT_VERSION = 5.0;
				TARGETED_DEVICE_FAMILY = "1,2";
				TEST_HOST = "$(BUILT_PRODUCTS_DIR)/GitHub.app/GitHub";
			};
			name = Debug;
		};
		167927D62442D50D00818F67 /* Release */ = {
			isa = XCBuildConfiguration;
			buildSettings = {
				ALWAYS_EMBED_SWIFT_STANDARD_LIBRARIES = YES;
				BUNDLE_LOADER = "$(TEST_HOST)";
				CODE_SIGN_STYLE = Automatic;
				INFOPLIST_FILE = GitHubTests/Info.plist;
				IPHONEOS_DEPLOYMENT_TARGET = 13.4;
				LD_RUNPATH_SEARCH_PATHS = (
					"$(inherited)",
					"@executable_path/Frameworks",
					"@loader_path/Frameworks",
				);
				PRODUCT_BUNDLE_IDENTIFIER = "com.github.ph9.GitHub-UsersTests";
				PRODUCT_NAME = "$(TARGET_NAME)";
				SWIFT_VERSION = 5.0;
				TARGETED_DEVICE_FAMILY = "1,2";
				TEST_HOST = "$(BUILT_PRODUCTS_DIR)/GitHub.app/GitHub";
			};
			name = Release;
		};
/* End XCBuildConfiguration section */

/* Begin XCConfigurationList section */
		167927AD2442D50D00818F67 /* Build configuration list for PBXProject "GitHub" */ = {
			isa = XCConfigurationList;
			buildConfigurations = (
				167927CF2442D50D00818F67 /* Debug */,
				167927D02442D50D00818F67 /* Release */,
			);
			defaultConfigurationIsVisible = 0;
			defaultConfigurationName = Release;
		};
		167927D12442D50D00818F67 /* Build configuration list for PBXNativeTarget "GitHub" */ = {
			isa = XCConfigurationList;
			buildConfigurations = (
				167927D22442D50D00818F67 /* Debug */,
				167927D32442D50D00818F67 /* Release */,
			);
			defaultConfigurationIsVisible = 0;
			defaultConfigurationName = Release;
		};
		167927D42442D50D00818F67 /* Build configuration list for PBXNativeTarget "GitHubTests" */ = {
			isa = XCConfigurationList;
			buildConfigurations = (
				167927D52442D50D00818F67 /* Debug */,
				167927D62442D50D00818F67 /* Release */,
			);
			defaultConfigurationIsVisible = 0;
			defaultConfigurationName = Release;
		};
/* End XCConfigurationList section */
	};
	rootObject = 167927AA2442D50D00818F67 /* Project object */;
}
