// !$*UTF8*$!
{
	archiveVersion = 1;
	classes = {
	};
	objectVersion = 50;
	objects = {

/* Begin PBXBuildFile section */
		162B82D22442DF4300C45229 /* AppError.swift in Sources */ = {isa = PBXBuildFile; fileRef = 162B82D12442DF4300C45229 /* AppError.swift */; };
		167927B62442D50D00818F67 /* AppDelegate.swift in Sources */ = {isa = PBXBuildFile; fileRef = 167927B52442D50D00818F67 /* AppDelegate.swift */; };
		167927B82442D50D00818F67 /* SceneDelegate.swift in Sources */ = {isa = PBXBuildFile; fileRef = 167927B72442D50D00818F67 /* SceneDelegate.swift */; };
		167927BA2442D50D00818F67 /* GitHubUserViewController.swift in Sources */ = {isa = PBXBuildFile; fileRef = 167927B92442D50D00818F67 /* GitHubUserViewController.swift */; };
		167927BD2442D50D00818F67 /* GitHubUser.storyboard in Resources */ = {isa = PBXBuildFile; fileRef = 167927BB2442D50D00818F67 /* GitHubUser.storyboard */; };
		167927BF2442D50D00818F67 /* Assets.xcassets in Resources */ = {isa = PBXBuildFile; fileRef = 167927BE2442D50D00818F67 /* Assets.xcassets */; };
		167927C22442D50D00818F67 /* LaunchScreen.storyboard in Resources */ = {isa = PBXBuildFile; fileRef = 167927C02442D50D00818F67 /* LaunchScreen.storyboard */; };
		167927CD2442D50D00818F67 /* GitHub_UsersTests.swift in Sources */ = {isa = PBXBuildFile; fileRef = 167927CC2442D50D00818F67 /* GitHub_UsersTests.swift */; };
		1690B5B32442D8D9003DF17A /* GitHubUserCell.swift in Sources */ = {isa = PBXBuildFile; fileRef = 1690B5B22442D8D9003DF17A /* GitHubUserCell.swift */; };
		1690B5B52442DB48003DF17A /* User.swift in Sources */ = {isa = PBXBuildFile; fileRef = 1690B5B42442DB48003DF17A /* User.swift */; };
/* End PBXBuildFile section */

/* Begin PBXContainerItemProxy section */
		167927C92442D50D00818F67 /* PBXContainerItemProxy */ = {
			isa = PBXContainerItemProxy;
			containerPortal = 167927AA2442D50D00818F67 /* Project object */;
			proxyType = 1;
			remoteGlobalIDString = 167927B12442D50D00818F67;
			remoteInfo = "GitHub Users";
		};
/* End PBXContainerItemProxy section */

/* Begin PBXFileReference section */
		162B82D12442DF4300C45229 /* AppError.swift */ = {isa = PBXFileReference; lastKnownFileType = sourcecode.swift; path = AppError.swift; sourceTree = "<group>"; };
		167927B22442D50D00818F67 /* GitHub Users.app */ = {isa = PBXFileReference; explicitFileType = wrapper.application; includeInIndex = 0; path = "GitHub Users.app"; sourceTree = BUILT_PRODUCTS_DIR; };
		167927B52442D50D00818F67 /* AppDelegate.swift */ = {isa = PBXFileReference; lastKnownFileType = sourcecode.swift; path = AppDelegate.swift; sourceTree = "<group>"; };
		167927B72442D50D00818F67 /* SceneDelegate.swift */ = {isa = PBXFileReference; lastKnownFileType = sourcecode.swift; path = SceneDelegate.swift; sourceTree = "<group>"; };
		167927B92442D50D00818F67 /* GitHubUserViewController.swift */ = {isa = PBXFileReference; lastKnownFileType = sourcecode.swift; path = GitHubUserViewController.swift; sourceTree = "<group>"; };
		167927BC2442D50D00818F67 /* Base */ = {isa = PBXFileReference; lastKnownFileType = file.storyboard; name = Base; path = Base.lproj/GitHubUser.storyboard; sourceTree = "<group>"; };
		167927BE2442D50D00818F67 /* Assets.xcassets */ = {isa = PBXFileReference; lastKnownFileType = folder.assetcatalog; path = Assets.xcassets; sourceTree = "<group>"; };
		167927C12442D50D00818F67 /* Base */ = {isa = PBXFileReference; lastKnownFileType = file.storyboard; name = Base; path = Base.lproj/LaunchScreen.storyboard; sourceTree = "<group>"; };
		167927C32442D50D00818F67 /* Info.plist */ = {isa = PBXFileReference; lastKnownFileType = text.plist.xml; path = Info.plist; sourceTree = "<group>"; };
		167927C82442D50D00818F67 /* GitHub UsersTests.xctest */ = {isa = PBXFileReference; explicitFileType = wrapper.cfbundle; includeInIndex = 0; path = "GitHub UsersTests.xctest"; sourceTree = BUILT_PRODUCTS_DIR; };
		167927CC2442D50D00818F67 /* GitHub_UsersTests.swift */ = {isa = PBXFileReference; lastKnownFileType = sourcecode.swift; path = GitHub_UsersTests.swift; sourceTree = "<group>"; };
		167927CE2442D50D00818F67 /* Info.plist */ = {isa = PBXFileReference; lastKnownFileType = text.plist.xml; path = Info.plist; sourceTree = "<group>"; };
		1690B5B22442D8D9003DF17A /* GitHubUserCell.swift */ = {isa = PBXFileReference; lastKnownFileType = sourcecode.swift; path = GitHubUserCell.swift; sourceTree = "<group>"; };
		1690B5B42442DB48003DF17A /* User.swift */ = {isa = PBXFileReference; lastKnownFileType = sourcecode.swift; path = User.swift; sourceTree = "<group>"; };
/* End PBXFileReference section */

/* Begin PBXFrameworksBuildPhase section */
		167927AF2442D50D00818F67 /* Frameworks */ = {
			isa = PBXFrameworksBuildPhase;
			buildActionMask = 2147483647;
			files = (
			);
			runOnlyForDeploymentPostprocessing = 0;
		};
		167927C52442D50D00818F67 /* Frameworks */ = {
			isa = PBXFrameworksBuildPhase;
			buildActionMask = 2147483647;
			files = (
			);
			runOnlyForDeploymentPostprocessing = 0;
		};
/* End PBXFrameworksBuildPhase section */

/* Begin PBXGroup section */
		167927A92442D50D00818F67 = {
			isa = PBXGroup;
			children = (
				167927B42442D50D00818F67 /* GitHub Users */,
				167927CB2442D50D00818F67 /* GitHub UsersTests */,
				167927B32442D50D00818F67 /* Products */,
			);
			sourceTree = "<group>";
		};
		167927B32442D50D00818F67 /* Products */ = {
			isa = PBXGroup;
			children = (
				167927B22442D50D00818F67 /* GitHub Users.app */,
				167927C82442D50D00818F67 /* GitHub UsersTests.xctest */,
			);
			name = Products;
			sourceTree = "<group>";
		};
		167927B42442D50D00818F67 /* GitHub Users */ = {
			isa = PBXGroup;
			children = (
				167927C32442D50D00818F67 /* Info.plist */,
				167927B52442D50D00818F67 /* AppDelegate.swift */,
				1690B5B22442D8D9003DF17A /* GitHubUserCell.swift */,
				167927B92442D50D00818F67 /* GitHubUserViewController.swift */,
				167927B72442D50D00818F67 /* SceneDelegate.swift */,
				1690B5B42442DB48003DF17A /* User.swift */,
				167927BE2442D50D00818F67 /* Assets.xcassets */,
				167927BB2442D50D00818F67 /* GitHubUser.storyboard */,
				167927C02442D50D00818F67 /* LaunchScreen.storyboard */,
				162B82D12442DF4300C45229 /* AppError.swift */,
			);
			path = "GitHub Users";
			sourceTree = "<group>";
		};
		167927CB2442D50D00818F67 /* GitHub UsersTests */ = {
			isa = PBXGroup;
			children = (
				167927CC2442D50D00818F67 /* GitHub_UsersTests.swift */,
				167927CE2442D50D00818F67 /* Info.plist */,
			);
			path = "GitHub UsersTests";
			sourceTree = "<group>";
		};
/* End PBXGroup section */

/* Begin PBXNativeTarget section */
		167927B12442D50D00818F67 /* GitHub Users */ = {
			isa = PBXNativeTarget;
			buildConfigurationList = 167927D12442D50D00818F67 /* Build configuration list for PBXNativeTarget "GitHub Users" */;
			buildPhases = (
				167927AE2442D50D00818F67 /* Sources */,
				167927AF2442D50D00818F67 /* Frameworks */,
				167927B02442D50D00818F67 /* Resources */,
			);
			buildRules = (
			);
			dependencies = (
			);
			name = "GitHub Users";
			productName = "GitHub Users";
			productReference = 167927B22442D50D00818F67 /* GitHub Users.app */;
			productType = "com.apple.product-type.application";
		};
		167927C72442D50D00818F67 /* GitHub UsersTests */ = {
			isa = PBXNativeTarget;
			buildConfigurationList = 167927D42442D50D00818F67 /* Build configuration list for PBXNativeTarget "GitHub UsersTests" */;
			buildPhases = (
				167927C42442D50D00818F67 /* Sources */,
				167927C52442D50D00818F67 /* Frameworks */,
				167927C62442D50D00818F67 /* Resources */,
			);
			buildRules = (
			);
			dependencies = (
				167927CA2442D50D00818F67 /* PBXTargetDependency */,
			);
			name = "GitHub UsersTests";
			productName = "GitHub UsersTests";
			productReference = 167927C82442D50D00818F67 /* GitHub UsersTests.xctest */;
			productType = "com.apple.product-type.bundle.unit-test";
		};
/* End PBXNativeTarget section */

/* Begin PBXProject section */
		167927AA2442D50D00818F67 /* Project object */ = {
			isa = PBXProject;
			attributes = {
				LastSwiftUpdateCheck = 1140;
				LastUpgradeCheck = 1140;
				ORGANIZATIONNAME = "Wasith Theerapattrathamrong";
				TargetAttributes = {
					167927B12442D50D00818F67 = {
						CreatedOnToolsVersion = 11.4;
					};
					167927C72442D50D00818F67 = {
						CreatedOnToolsVersion = 11.4;
						TestTargetID = 167927B12442D50D00818F67;
					};
				};
			};
			buildConfigurationList = 167927AD2442D50D00818F67 /* Build configuration list for PBXProject "GitHub Users" */;
			compatibilityVersion = "Xcode 9.3";
			developmentRegion = en;
			hasScannedForEncodings = 0;
			knownRegions = (
				en,
				Base,
			);
			mainGroup = 167927A92442D50D00818F67;
			productRefGroup = 167927B32442D50D00818F67 /* Products */;
			projectDirPath = "";
			projectRoot = "";
			targets = (
				167927B12442D50D00818F67 /* GitHub Users */,
				167927C72442D50D00818F67 /* GitHub UsersTests */,
			);
		};
/* End PBXProject section */

/* Begin PBXResourcesBuildPhase section */
		167927B02442D50D00818F67 /* Resources */ = {
			isa = PBXResourcesBuildPhase;
			buildActionMask = 2147483647;
			files = (
				167927C22442D50D00818F67 /* LaunchScreen.storyboard in Resources */,
				167927BF2442D50D00818F67 /* Assets.xcassets in Resources */,
				167927BD2442D50D00818F67 /* GitHubUser.storyboard in Resources */,
			);
			runOnlyForDeploymentPostprocessing = 0;
		};
		167927C62442D50D00818F67 /* Resources */ = {
			isa = PBXResourcesBuildPhase;
			buildActionMask = 2147483647;
			files = (
			);
			runOnlyForDeploymentPostprocessing = 0;
		};
/* End PBXResourcesBuildPhase section */

/* Begin PBXSourcesBuildPhase section */
		167927AE2442D50D00818F67 /* Sources */ = {
			isa = PBXSourcesBuildPhase;
			buildActionMask = 2147483647;
			files = (
				167927BA2442D50D00818F67 /* GitHubUserViewController.swift in Sources */,
				1690B5B32442D8D9003DF17A /* GitHubUserCell.swift in Sources */,
				162B82D22442DF4300C45229 /* AppError.swift in Sources */,
				167927B62442D50D00818F67 /* AppDelegate.swift in Sources */,
				1690B5B52442DB48003DF17A /* User.swift in Sources */,
				167927B82442D50D00818F67 /* SceneDelegate.swift in Sources */,
			);
			runOnlyForDeploymentPostprocessing = 0;
		};
		167927C42442D50D00818F67 /* Sources */ = {
			isa = PBXSourcesBuildPhase;
			buildActionMask = 2147483647;
			files = (
				167927CD2442D50D00818F67 /* GitHub_UsersTests.swift in Sources */,
			);
			runOnlyForDeploymentPostprocessing = 0;
		};
/* End PBXSourcesBuildPhase section */

/* Begin PBXTargetDependency section */
		167927CA2442D50D00818F67 /* PBXTargetDependency */ = {
			isa = PBXTargetDependency;
			target = 167927B12442D50D00818F67 /* GitHub Users */;
			targetProxy = 167927C92442D50D00818F67 /* PBXContainerItemProxy */;
		};
/* End PBXTargetDependency section */

/* Begin PBXVariantGroup section */
		167927BB2442D50D00818F67 /* GitHubUser.storyboard */ = {
			isa = PBXVariantGroup;
			children = (
				167927BC2442D50D00818F67 /* Base */,
			);
			name = GitHubUser.storyboard;
			sourceTree = "<group>";
		};
		167927C02442D50D00818F67 /* LaunchScreen.storyboard */ = {
			isa = PBXVariantGroup;
			children = (
				167927C12442D50D00818F67 /* Base */,
			);
			name = LaunchScreen.storyboard;
			sourceTree = "<group>";
		};
/* End PBXVariantGroup section */

/* Begin XCBuildConfiguration section */
		167927CF2442D50D00818F67 /* Debug */ = {
			isa = XCBuildConfiguration;
			buildSettings = {
				ALWAYS_SEARCH_USER_PATHS = NO;
				CLANG_ANALYZER_NONNULL = YES;
				CLANG_ANALYZER_NUMBER_OBJECT_CONVERSION = YES_AGGRESSIVE;
				CLANG_CXX_LANGUAGE_STANDARD = "gnu++14";
				CLANG_CXX_LIBRARY = "libc++";
				CLANG_ENABLE_MODULES = YES;
				CLANG_ENABLE_OBJC_ARC = YES;
				CLANG_ENABLE_OBJC_WEAK = YES;
				CLANG_WARN_BLOCK_CAPTURE_AUTORELEASING = YES;
				CLANG_WARN_BOOL_CONVERSION = YES;
				CLANG_WARN_COMMA = YES;
				CLANG_WARN_CONSTANT_CONVERSION = YES;
				CLANG_WARN_DEPRECATED_OBJC_IMPLEMENTATIONS = YES;
				CLANG_WARN_DIRECT_OBJC_ISA_USAGE = YES_ERROR;
				CLANG_WARN_DOCUMENTATION_COMMENTS = YES;
				CLANG_WARN_EMPTY_BODY = YES;
				CLANG_WARN_ENUM_CONVERSION = YES;
				CLANG_WARN_INFINITE_RECURSION = YES;
				CLANG_WARN_INT_CONVERSION = YES;
				CLANG_WARN_NON_LITERAL_NULL_CONVERSION = YES;
				CLANG_WARN_OBJC_IMPLICIT_RETAIN_SELF = YES;
				CLANG_WARN_OBJC_LITERAL_CONVERSION = YES;
				CLANG_WARN_OBJC_ROOT_CLASS = YES_ERROR;
				CLANG_WARN_RANGE_LOOP_ANALYSIS = YES;
				CLANG_WARN_STRICT_PROTOTYPES = YES;
				CLANG_WARN_SUSPICIOUS_MOVE = YES;
				CLANG_WARN_UNGUARDED_AVAILABILITY = YES_AGGRESSIVE;
				CLANG_WARN_UNREACHABLE_CODE = YES;
				CLANG_WARN__DUPLICATE_METHOD_MATCH = YES;
				COPY_PHASE_STRIP = NO;
				DEBUG_INFORMATION_FORMAT = dwarf;
				ENABLE_STRICT_OBJC_MSGSEND = YES;
				ENABLE_TESTABILITY = YES;
				GCC_C_LANGUAGE_STANDARD = gnu11;
				GCC_DYNAMIC_NO_PIC = NO;
				GCC_NO_COMMON_BLOCKS = YES;
				GCC_OPTIMIZATION_LEVEL = 0;
				GCC_PREPROCESSOR_DEFINITIONS = (
					"DEBUG=1",
					"$(inherited)",
				);
				GCC_WARN_64_TO_32_BIT_CONVERSION = YES;
				GCC_WARN_ABOUT_RETURN_TYPE = YES_ERROR;
				GCC_WARN_UNDECLARED_SELECTOR = YES;
				GCC_WARN_UNINITIALIZED_AUTOS = YES_AGGRESSIVE;
				GCC_WARN_UNUSED_FUNCTION = YES;
				GCC_WARN_UNUSED_VARIABLE = YES;
				IPHONEOS_DEPLOYMENT_TARGET = 13.4;
				MTL_ENABLE_DEBUG_INFO = INCLUDE_SOURCE;
				MTL_FAST_MATH = YES;
				ONLY_ACTIVE_ARCH = YES;
				SDKROOT = iphoneos;
				SWIFT_ACTIVE_COMPILATION_CONDITIONS = DEBUG;
				SWIFT_OPTIMIZATION_LEVEL = "-Onone";
			};
			name = Debug;
		};
		167927D02442D50D00818F67 /* Release */ = {
			isa = XCBuildConfiguration;
			buildSettings = {
				ALWAYS_SEARCH_USER_PATHS = NO;
				CLANG_ANALYZER_NONNULL = YES;
				CLANG_ANALYZER_NUMBER_OBJECT_CONVERSION = YES_AGGRESSIVE;
				CLANG_CXX_LANGUAGE_STANDARD = "gnu++14";
				CLANG_CXX_LIBRARY = "libc++";
				CLANG_ENABLE_MODULES = YES;
				CLANG_ENABLE_OBJC_ARC = YES;
				CLANG_ENABLE_OBJC_WEAK = YES;
				CLANG_WARN_BLOCK_CAPTURE_AUTORELEASING = YES;
				CLANG_WARN_BOOL_CONVERSION = YES;
				CLANG_WARN_COMMA = YES;
				CLANG_WARN_CONSTANT_CONVERSION = YES;
				CLANG_WARN_DEPRECATED_OBJC_IMPLEMENTATIONS = YES;
				CLANG_WARN_DIRECT_OBJC_ISA_USAGE = YES_ERROR;
				CLANG_WARN_DOCUMENTATION_COMMENTS = YES;
				CLANG_WARN_EMPTY_BODY = YES;
				CLANG_WARN_ENUM_CONVERSION = YES;
				CLANG_WARN_INFINITE_RECURSION = YES;
				CLANG_WARN_INT_CONVERSION = YES;
				CLANG_WARN_NON_LITERAL_NULL_CONVERSION = YES;
				CLANG_WARN_OBJC_IMPLICIT_RETAIN_SELF = YES;
				CLANG_WARN_OBJC_LITERAL_CONVERSION = YES;
				CLANG_WARN_OBJC_ROOT_CLASS = YES_ERROR;
				CLANG_WARN_RANGE_LOOP_ANALYSIS = YES;
				CLANG_WARN_STRICT_PROTOTYPES = YES;
				CLANG_WARN_SUSPICIOUS_MOVE = YES;
				CLANG_WARN_UNGUARDED_AVAILABILITY = YES_AGGRESSIVE;
				CLANG_WARN_UNREACHABLE_CODE = YES;
				CLANG_WARN__DUPLICATE_METHOD_MATCH = YES;
				COPY_PHASE_STRIP = NO;
				DEBUG_INFORMATION_FORMAT = "dwarf-with-dsym";
				ENABLE_NS_ASSERTIONS = NO;
				ENABLE_STRICT_OBJC_MSGSEND = YES;
				GCC_C_LANGUAGE_STANDARD = gnu11;
				GCC_NO_COMMON_BLOCKS = YES;
				GCC_WARN_64_TO_32_BIT_CONVERSION = YES;
				GCC_WARN_ABOUT_RETURN_TYPE = YES_ERROR;
				GCC_WARN_UNDECLARED_SELECTOR = YES;
				GCC_WARN_UNINITIALIZED_AUTOS = YES_AGGRESSIVE;
				GCC_WARN_UNUSED_FUNCTION = YES;
				GCC_WARN_UNUSED_VARIABLE = YES;
				IPHONEOS_DEPLOYMENT_TARGET = 13.4;
				MTL_ENABLE_DEBUG_INFO = NO;
				MTL_FAST_MATH = YES;
				SDKROOT = iphoneos;
				SWIFT_COMPILATION_MODE = wholemodule;
				SWIFT_OPTIMIZATION_LEVEL = "-O";
				VALIDATE_PRODUCT = YES;
			};
			name = Release;
		};
		167927D22442D50D00818F67 /* Debug */ = {
			isa = XCBuildConfiguration;
			buildSettings = {
				ASSETCATALOG_COMPILER_APPICON_NAME = AppIcon;
				CODE_SIGN_STYLE = Automatic;
				INFOPLIST_FILE = "GitHub Users/Info.plist";
				LD_RUNPATH_SEARCH_PATHS = (
					"$(inherited)",
					"@executable_path/Frameworks",
				);
				PRODUCT_BUNDLE_IDENTIFIER = "com.github.ph9.GitHub-Users";
				PRODUCT_NAME = "$(TARGET_NAME)";
				SWIFT_VERSION = 5.0;
				TARGETED_DEVICE_FAMILY = "1,2";
			};
			name = Debug;
		};
		167927D32442D50D00818F67 /* Release */ = {
			isa = XCBuildConfiguration;
			buildSettings = {
				ASSETCATALOG_COMPILER_APPICON_NAME = AppIcon;
				CODE_SIGN_STYLE = Automatic;
				INFOPLIST_FILE = "GitHub Users/Info.plist";
				LD_RUNPATH_SEARCH_PATHS = (
					"$(inherited)",
					"@executable_path/Frameworks",
				);
				PRODUCT_BUNDLE_IDENTIFIER = "com.github.ph9.GitHub-Users";
				PRODUCT_NAME = "$(TARGET_NAME)";
				SWIFT_VERSION = 5.0;
				TARGETED_DEVICE_FAMILY = "1,2";
			};
			name = Release;
		};
		167927D52442D50D00818F67 /* Debug */ = {
			isa = XCBuildConfiguration;
			buildSettings = {
				ALWAYS_EMBED_SWIFT_STANDARD_LIBRARIES = YES;
				BUNDLE_LOADER = "$(TEST_HOST)";
				CODE_SIGN_STYLE = Automatic;
				INFOPLIST_FILE = "GitHub UsersTests/Info.plist";
				IPHONEOS_DEPLOYMENT_TARGET = 13.4;
				LD_RUNPATH_SEARCH_PATHS = (
					"$(inherited)",
					"@executable_path/Frameworks",
					"@loader_path/Frameworks",
				);
				PRODUCT_BUNDLE_IDENTIFIER = "com.github.ph9.GitHub-UsersTests";
				PRODUCT_NAME = "$(TARGET_NAME)";
				SWIFT_VERSION = 5.0;
				TARGETED_DEVICE_FAMILY = "1,2";
				TEST_HOST = "$(BUILT_PRODUCTS_DIR)/GitHub Users.app/GitHub Users";
			};
			name = Debug;
		};
		167927D62442D50D00818F67 /* Release */ = {
			isa = XCBuildConfiguration;
			buildSettings = {
				ALWAYS_EMBED_SWIFT_STANDARD_LIBRARIES = YES;
				BUNDLE_LOADER = "$(TEST_HOST)";
				CODE_SIGN_STYLE = Automatic;
				INFOPLIST_FILE = "GitHub UsersTests/Info.plist";
				IPHONEOS_DEPLOYMENT_TARGET = 13.4;
				LD_RUNPATH_SEARCH_PATHS = (
					"$(inherited)",
					"@executable_path/Frameworks",
					"@loader_path/Frameworks",
				);
				PRODUCT_BUNDLE_IDENTIFIER = "com.github.ph9.GitHub-UsersTests";
				PRODUCT_NAME = "$(TARGET_NAME)";
				SWIFT_VERSION = 5.0;
				TARGETED_DEVICE_FAMILY = "1,2";
				TEST_HOST = "$(BUILT_PRODUCTS_DIR)/GitHub Users.app/GitHub Users";
			};
			name = Release;
		};
/* End XCBuildConfiguration section */

/* Begin XCConfigurationList section */
		167927AD2442D50D00818F67 /* Build configuration list for PBXProject "GitHub Users" */ = {
			isa = XCConfigurationList;
			buildConfigurations = (
				167927CF2442D50D00818F67 /* Debug */,
				167927D02442D50D00818F67 /* Release */,
			);
			defaultConfigurationIsVisible = 0;
			defaultConfigurationName = Release;
		};
		167927D12442D50D00818F67 /* Build configuration list for PBXNativeTarget "GitHub Users" */ = {
			isa = XCConfigurationList;
			buildConfigurations = (
				167927D22442D50D00818F67 /* Debug */,
				167927D32442D50D00818F67 /* Release */,
			);
			defaultConfigurationIsVisible = 0;
			defaultConfigurationName = Release;
		};
		167927D42442D50D00818F67 /* Build configuration list for PBXNativeTarget "GitHub UsersTests" */ = {
			isa = XCConfigurationList;
			buildConfigurations = (
				167927D52442D50D00818F67 /* Debug */,
				167927D62442D50D00818F67 /* Release */,
			);
			defaultConfigurationIsVisible = 0;
			defaultConfigurationName = Release;
		};
/* End XCConfigurationList section */
	};
	rootObject = 167927AA2442D50D00818F67 /* Project object */;
}
